// !$*UTF8*$!
{
	archiveVersion = 1;
	classes = {
	};
	objectVersion = 50;
	objects = {

/* Begin PBXBuildFile section */
		33032040248980E300BC9FAD /* BMOTutorialLibraryEmDebugLibrary.m in Sources */ = {isa = PBXBuildFile; fileRef = 3303203F248980E300BC9FAD /* BMOTutorialLibraryEmDebugLibrary.m */; };
		33032041248980E300BC9FAD /* BMOTutorialLibraryEmDebugLibrary.h in CopyFiles */ = {isa = PBXBuildFile; fileRef = 3303203E248980E300BC9FAD /* BMOTutorialLibraryEmDebugLibrary.h */; };
/* End PBXBuildFile section */

/* Begin PBXCopyFilesBuildPhase section */
		33032039248980E300BC9FAD /* CopyFiles */ = {
			isa = PBXCopyFilesBuildPhase;
			buildActionMask = 2147483647;
			dstPath = "include/$(PRODUCT_NAME)";
			dstSubfolderSpec = 16;
			files = (
				33032041248980E300BC9FAD /* BMOTutorialLibraryEmDebugLibrary.h in CopyFiles */,
			);
			runOnlyForDeploymentPostprocessing = 0;
		};
/* End PBXCopyFilesBuildPhase section */

/* Begin PBXFileReference section */
		3303203B248980E300BC9FAD /* libBMOTutorialLibraryEmDebugLibrary.a */ = {isa = PBXFileReference; explicitFileType = archive.ar; includeInIndex = 0; path = libBMOTutorialLibraryEmDebugLibrary.a; sourceTree = BUILT_PRODUCTS_DIR; };
		3303203E248980E300BC9FAD /* BMOTutorialLibraryEmDebugLibrary.h */ = {isa = PBXFileReference; lastKnownFileType = sourcecode.c.h; path = BMOTutorialLibraryEmDebugLibrary.h; sourceTree = "<group>"; };
		3303203F248980E300BC9FAD /* BMOTutorialLibraryEmDebugLibrary.m */ = {isa = PBXFileReference; lastKnownFileType = sourcecode.c.objc; path = BMOTutorialLibraryEmDebugLibrary.m; sourceTree = "<group>"; };
/* End PBXFileReference section */

/* Begin PBXFrameworksBuildPhase section */
		33032038248980E300BC9FAD /* Frameworks */ = {
			isa = PBXFrameworksBuildPhase;
			buildActionMask = 2147483647;
			files = (
			);
			runOnlyForDeploymentPostprocessing = 0;
		};
/* End PBXFrameworksBuildPhase section */

/* Begin PBXGroup section */
		33032032248980E300BC9FAD = {
			isa = PBXGroup;
			children = (
				3303203D248980E300BC9FAD /* BMOTutorialLibraryEmDebugLibrary */,
				3303203C248980E300BC9FAD /* Products */,
			);
			sourceTree = "<group>";
		};
		3303203C248980E300BC9FAD /* Products */ = {
			isa = PBXGroup;
			children = (
				3303203B248980E300BC9FAD /* libBMOTutorialLibraryEmDebugLibrary.a */,
			);
			name = Products;
			sourceTree = "<group>";
		};
		3303203D248980E300BC9FAD /* BMOTutorialLibraryEmDebugLibrary */ = {
			isa = PBXGroup;
			children = (
				3303203E248980E300BC9FAD /* BMOTutorialLibraryEmDebugLibrary.h */,
				3303203F248980E300BC9FAD /* BMOTutorialLibraryEmDebugLibrary.m */,
			);
			path = BMOTutorialLibraryEmDebugLibrary;
			sourceTree = "<group>";
		};
/* End PBXGroup section */

/* Begin PBXNativeTarget section */
		3303203A248980E300BC9FAD /* BMOTutorialLibraryEmDebugLibrary */ = {
			isa = PBXNativeTarget;
			buildConfigurationList = 33032044248980E300BC9FAD /* Build configuration list for PBXNativeTarget "BMOTutorialLibraryEmDebugLibrary" */;
			buildPhases = (
				33032037248980E300BC9FAD /* Sources */,
				33032038248980E300BC9FAD /* Frameworks */,
				33032039248980E300BC9FAD /* CopyFiles */,
			);
			buildRules = (
			);
			dependencies = (
			);
			name = BMOTutorialLibraryEmDebugLibrary;
			productName = BMOTutorialLibraryEmDebugLibrary;
			productReference = 3303203B248980E300BC9FAD /* libBMOTutorialLibraryEmDebugLibrary.a */;
			productType = "com.apple.product-type.library.static";
		};
/* End PBXNativeTarget section */

/* Begin PBXProject section */
		33032033248980E300BC9FAD /* Project object */ = {
			isa = PBXProject;
			attributes = {
				LastUpgradeCheck = 1150;
				ORGANIZATIONNAME = ProgramasBMO;
				TargetAttributes = {
					3303203A248980E300BC9FAD = {
						CreatedOnToolsVersion = 11.5;
					};
				};
			};
			buildConfigurationList = 33032036248980E300BC9FAD /* Build configuration list for PBXProject "BMOTutorialLibraryEmDebugLibrary" */;
			compatibilityVersion = "Xcode 9.3";
			developmentRegion = en;
			hasScannedForEncodings = 0;
			knownRegions = (
				en,
				Base,
			);
			mainGroup = 33032032248980E300BC9FAD;
			productRefGroup = 3303203C248980E300BC9FAD /* Products */;
			projectDirPath = "";
			projectRoot = "";
			targets = (
				3303203A248980E300BC9FAD /* BMOTutorialLibraryEmDebugLibrary */,
			);
		};
/* End PBXProject section */

/* Begin PBXSourcesBuildPhase section */
		33032037248980E300BC9FAD /* Sources */ = {
			isa = PBXSourcesBuildPhase;
			buildActionMask = 2147483647;
			files = (
				33032040248980E300BC9FAD /* BMOTutorialLibraryEmDebugLibrary.m in Sources */,
			);
			runOnlyForDeploymentPostprocessing = 0;
		};
/* End PBXSourcesBuildPhase section */

/* Begin XCBuildConfiguration section */
		33032042248980E300BC9FAD /* Debug */ = {
			isa = XCBuildConfiguration;
			buildSettings = {
				ALWAYS_SEARCH_USER_PATHS = NO;
				CLANG_ANALYZER_NONNULL = YES;
				CLANG_ANALYZER_NUMBER_OBJECT_CONVERSION = YES_AGGRESSIVE;
				CLANG_CXX_LANGUAGE_STANDARD = "gnu++14";
				CLANG_CXX_LIBRARY = "libc++";
				CLANG_ENABLE_MODULES = YES;
				CLANG_ENABLE_OBJC_ARC = YES;
				CLANG_ENABLE_OBJC_WEAK = YES;
				CLANG_WARN_BLOCK_CAPTURE_AUTORELEASING = YES;
				CLANG_WARN_BOOL_CONVERSION = YES;
				CLANG_WARN_COMMA = YES;
				CLANG_WARN_CONSTANT_CONVERSION = YES;
				CLANG_WARN_DEPRECATED_OBJC_IMPLEMENTATIONS = YES;
				CLANG_WARN_DIRECT_OBJC_ISA_USAGE = YES_ERROR;
				CLANG_WARN_DOCUMENTATION_COMMENTS = YES;
				CLANG_WARN_EMPTY_BODY = YES;
				CLANG_WARN_ENUM_CONVERSION = YES;
				CLANG_WARN_INFINITE_RECURSION = YES;
				CLANG_WARN_INT_CONVERSION = YES;
				CLANG_WARN_NON_LITERAL_NULL_CONVERSION = YES;
				CLANG_WARN_OBJC_IMPLICIT_RETAIN_SELF = YES;
				CLANG_WARN_OBJC_LITERAL_CONVERSION = YES;
				CLANG_WARN_OBJC_ROOT_CLASS = YES_ERROR;
				CLANG_WARN_RANGE_LOOP_ANALYSIS = YES;
				CLANG_WARN_STRICT_PROTOTYPES = YES;
				CLANG_WARN_SUSPICIOUS_MOVE = YES;
				CLANG_WARN_UNGUARDED_AVAILABILITY = YES_AGGRESSIVE;
				CLANG_WARN_UNREACHABLE_CODE = YES;
				CLANG_WARN__DUPLICATE_METHOD_MATCH = YES;
				COPY_PHASE_STRIP = NO;
				DEBUG_INFORMATION_FORMAT = dwarf;
				ENABLE_STRICT_OBJC_MSGSEND = YES;
				ENABLE_TESTABILITY = YES;
				GCC_C_LANGUAGE_STANDARD = gnu11;
				GCC_DYNAMIC_NO_PIC = NO;
				GCC_NO_COMMON_BLOCKS = YES;
				GCC_OPTIMIZATION_LEVEL = 0;
				GCC_PREPROCESSOR_DEFINITIONS = (
					"DEBUG=1",
					"$(inherited)",
				);
				GCC_WARN_64_TO_32_BIT_CONVERSION = YES;
				GCC_WARN_ABOUT_RETURN_TYPE = YES_ERROR;
				GCC_WARN_UNDECLARED_SELECTOR = YES;
				GCC_WARN_UNINITIALIZED_AUTOS = YES_AGGRESSIVE;
				GCC_WARN_UNUSED_FUNCTION = YES;
				GCC_WARN_UNUSED_VARIABLE = YES;
				IPHONEOS_DEPLOYMENT_TARGET = 13.5;
				MTL_ENABLE_DEBUG_INFO = INCLUDE_SOURCE;
				MTL_FAST_MATH = YES;
				ONLY_ACTIVE_ARCH = YES;
				SDKROOT = iphoneos;
			};
			name = Debug;
		};
		33032043248980E300BC9FAD /* Release */ = {
			isa = XCBuildConfiguration;
			buildSettings = {
				ALWAYS_SEARCH_USER_PATHS = NO;
				CLANG_ANALYZER_NONNULL = YES;
				CLANG_ANALYZER_NUMBER_OBJECT_CONVERSION = YES_AGGRESSIVE;
				CLANG_CXX_LANGUAGE_STANDARD = "gnu++14";
				CLANG_CXX_LIBRARY = "libc++";
				CLANG_ENABLE_MODULES = YES;
				CLANG_ENABLE_OBJC_ARC = YES;
				CLANG_ENABLE_OBJC_WEAK = YES;
				CLANG_WARN_BLOCK_CAPTURE_AUTORELEASING = YES;
				CLANG_WARN_BOOL_CONVERSION = YES;
				CLANG_WARN_COMMA = YES;
				CLANG_WARN_CONSTANT_CONVERSION = YES;
				CLANG_WARN_DEPRECATED_OBJC_IMPLEMENTATIONS = YES;
				CLANG_WARN_DIRECT_OBJC_ISA_USAGE = YES_ERROR;
				CLANG_WARN_DOCUMENTATION_COMMENTS = YES;
				CLANG_WARN_EMPTY_BODY = YES;
				CLANG_WARN_ENUM_CONVERSION = YES;
				CLANG_WARN_INFINITE_RECURSION = YES;
				CLANG_WARN_INT_CONVERSION = YES;
				CLANG_WARN_NON_LITERAL_NULL_CONVERSION = YES;
				CLANG_WARN_OBJC_IMPLICIT_RETAIN_SELF = YES;
				CLANG_WARN_OBJC_LITERAL_CONVERSION = YES;
				CLANG_WARN_OBJC_ROOT_CLASS = YES_ERROR;
				CLANG_WARN_RANGE_LOOP_ANALYSIS = YES;
				CLANG_WARN_STRICT_PROTOTYPES = YES;
				CLANG_WARN_SUSPICIOUS_MOVE = YES;
				CLANG_WARN_UNGUARDED_AVAILABILITY = YES_AGGRESSIVE;
				CLANG_WARN_UNREACHABLE_CODE = YES;
				CLANG_WARN__DUPLICATE_METHOD_MATCH = YES;
				COPY_PHASE_STRIP = NO;
				DEBUG_INFORMATION_FORMAT = "dwarf-with-dsym";
				ENABLE_NS_ASSERTIONS = NO;
				ENABLE_STRICT_OBJC_MSGSEND = YES;
				GCC_C_LANGUAGE_STANDARD = gnu11;
				GCC_NO_COMMON_BLOCKS = YES;
				GCC_WARN_64_TO_32_BIT_CONVERSION = YES;
				GCC_WARN_ABOUT_RETURN_TYPE = YES_ERROR;
				GCC_WARN_UNDECLARED_SELECTOR = YES;
				GCC_WARN_UNINITIALIZED_AUTOS = YES_AGGRESSIVE;
				GCC_WARN_UNUSED_FUNCTION = YES;
				GCC_WARN_UNUSED_VARIABLE = YES;
				IPHONEOS_DEPLOYMENT_TARGET = 13.5;
				MTL_ENABLE_DEBUG_INFO = NO;
				MTL_FAST_MATH = YES;
				SDKROOT = iphoneos;
				VALIDATE_PRODUCT = YES;
			};
			name = Release;
		};
		33032045248980E300BC9FAD /* Debug */ = {
			isa = XCBuildConfiguration;
			buildSettings = {
				CODE_SIGN_STYLE = Automatic;
				DEVELOPMENT_TEAM = L5RH7482C6;
				OTHER_LDFLAGS = "-ObjC";
				PRODUCT_NAME = "$(TARGET_NAME)";
				SKIP_INSTALL = YES;
				TARGETED_DEVICE_FAMILY = "1,2";
			};
			name = Debug;
		};
		33032046248980E300BC9FAD /* Release */ = {
			isa = XCBuildConfiguration;
			buildSettings = {
				CODE_SIGN_STYLE = Automatic;
				DEVELOPMENT_TEAM = L5RH7482C6;
				OTHER_LDFLAGS = "-ObjC";
				PRODUCT_NAME = "$(TARGET_NAME)";
				SKIP_INSTALL = YES;
				TARGETED_DEVICE_FAMILY = "1,2";
			};
			name = Release;
		};
/* End XCBuildConfiguration section */

/* Begin XCConfigurationList section */
		33032036248980E300BC9FAD /* Build configuration list for PBXProject "BMOTutorialLibraryEmDebugLibrary" */ = {
			isa = XCConfigurationList;
			buildConfigurations = (
				33032042248980E300BC9FAD /* Debug */,
				33032043248980E300BC9FAD /* Release */,
			);
			defaultConfigurationIsVisible = 0;
			defaultConfigurationName = Release;
		};
		33032044248980E300BC9FAD /* Build configuration list for PBXNativeTarget "BMOTutorialLibraryEmDebugLibrary" */ = {
			isa = XCConfigurationList;
			buildConfigurations = (
				33032045248980E300BC9FAD /* Debug */,
				33032046248980E300BC9FAD /* Release */,
			);
			defaultConfigurationIsVisible = 0;
			defaultConfigurationName = Release;
		};
/* End XCConfigurationList section */
	};
	rootObject = 33032033248980E300BC9FAD /* Project object */;
}
